
Microsoft Visual Studio Solution File, Format Version 12.00
# Visual Studio Version 17
VisualStudioVersion = 17.13.35919.96
MinimumVisualStudioVersion = 10.0.40219.1
Project("{9A19103F-16F7-4668-BE54-9A1E7A4F7556}") = "SolidProducts", "SolidProducts\SolidProducts.csproj", "{05FFCCAB-DB4E-404A-9352-BF021155FD5B}"
EndProject
Project("{FAE04EC0-301F-11D3-BF4B-00C04F79EFBC}") = "Test", "Test\Test.csproj", "{93D29B22-B3D6-4852-9CFA-786A54345924}"
EndProject
Global
	GlobalSection(SolutionConfigurationPlatforms) = preSolution
		Debug|Any CPU = Debug|Any CPU
		Release|Any CPU = Release|Any CPU
	EndGlobalSection
	GlobalSection(ProjectConfigurationPlatforms) = postSolution
		{05FFCCAB-DB4E-404A-9352-BF021155FD5B}.Debug|Any CPU.ActiveCfg = Debug|Any CPU
		{05FFCCAB-DB4E-404A-9352-BF021155FD5B}.Debug|Any CPU.Build.0 = Debug|Any CPU
		{05FFCCAB-DB4E-404A-9352-BF021155FD5B}.Release|Any CPU.ActiveCfg = Release|Any CPU
		{05FFCCAB-DB4E-404A-9352-BF021155FD5B}.Release|Any CPU.Build.0 = Release|Any CPU
		{93D29B22-B3D6-4852-9CFA-786A54345924}.Debug|Any CPU.ActiveCfg = Debug|Any CPU
		{93D29B22-B3D6-4852-9CFA-786A54345924}.Debug|Any CPU.Build.0 = Debug|Any CPU
		{93D29B22-B3D6-4852-9CFA-786A54345924}.Release|Any CPU.ActiveCfg = Release|Any CPU
		{93D29B22-B3D6-4852-9CFA-786A54345924}.Release|Any CPU.Build.0 = Release|Any CPU
	EndGlobalSection
	GlobalSection(SolutionProperties) = preSolution
		HideSolutionNode = FALSE
	EndGlobalSection
	GlobalSection(ExtensibilityGlobals) = postSolution
		SolutionGuid = {4343C475-EAEF-45D3-AE9C-30FDB8203620}
	EndGlobalSection
EndGlobal
