
Microsoft Visual Studio Solution File, Format Version 12.00
# Visual Studio Version 17
VisualStudioVersion = 17.14.36310.24 d17.14
MinimumVisualStudioVersion = 10.0.40219.1
Project("{FAE04EC0-301F-11D3-BF4B-00C04F79EFBC}") = "BDD_SolidProducts", "BDD_SolidProducts\BDD_SolidProducts.csproj", "{4F8F1BFE-6438-4616-A823-C46C0E1992ED}"
EndProject
Global
	GlobalSection(SolutionConfigurationPlatforms) = preSolution
		Debug|Any CPU = Debug|Any CPU
		Release|Any CPU = Release|Any CPU
	EndGlobalSection
	GlobalSection(ProjectConfigurationPlatforms) = postSolution
		{4F8F1BFE-6438-4616-A823-C46C0E1992ED}.Debug|Any CPU.ActiveCfg = Debug|Any CPU
		{4F8F1BFE-6438-4616-A823-C46C0E1992ED}.Debug|Any CPU.Build.0 = Debug|Any CPU
		{4F8F1BFE-6438-4616-A823-C46C0E1992ED}.Release|Any CPU.ActiveCfg = Release|Any CPU
		{4F8F1BFE-6438-4616-A823-C46C0E1992ED}.Release|Any CPU.Build.0 = Release|Any CPU
	EndGlobalSection
	GlobalSection(SolutionProperties) = preSolution
		HideSolutionNode = FALSE
	EndGlobalSection
	GlobalSection(ExtensibilityGlobals) = postSolution
		SolutionGuid = {2B4DB564-46C8-4214-89C9-A92EC4A01812}
	EndGlobalSection
EndGlobal
